
Microsoft Visual Studio Solution File, Format Version 12.00
# Visual Studio 15
VisualStudioVersion = 15.0.28307.1082
MinimumVisualStudioVersion = 10.0.40219.1
Project("{FAE04EC0-301F-11D3-BF4B-00C04F79EFBC}") = "Algorithm2", "Algorithm2\Algorithm2.csproj", "{C3134612-1796-4A50-8A38-45F9EB655E2B}"
EndProject
Global
	GlobalSection(SolutionConfigurationPlatforms) = preSolution
		Debug|Any CPU = Debug|Any CPU
		Release|Any CPU = Release|Any CPU
	EndGlobalSection
	GlobalSection(ProjectConfigurationPlatforms) = postSolution
		{C3134612-1796-4A50-8A38-45F9EB655E2B}.Debug|Any CPU.ActiveCfg = Debug|Any CPU
		{C3134612-1796-4A50-8A38-45F9EB655E2B}.Debug|Any CPU.Build.0 = Debug|Any CPU
		{C3134612-1796-4A50-8A38-45F9EB655E2B}.Release|Any CPU.ActiveCfg = Release|Any CPU
		{C3134612-1796-4A50-8A38-45F9EB655E2B}.Release|Any CPU.Build.0 = Release|Any CPU
	EndGlobalSection
	GlobalSection(SolutionProperties) = preSolution
		HideSolutionNode = FALSE
	EndGlobalSection
	GlobalSection(ExtensibilityGlobals) = postSolution
		SolutionGuid = {A1E22548-2933-46F7-8E72-4E9EDEE9BBD5}
	EndGlobalSection
EndGlobal
